
Microsoft Visual Studio Solution File, Format Version 12.00
# Visual Studio 15
VisualStudioVersion = 15.0.28307.329
MinimumVisualStudioVersion = 10.0.40219.1
Project("{FAE04EC0-301F-11D3-BF4B-00C04F79EFBC}") = "ClinicaVeterinaria", "ClinicaVeterinaria\ClinicaVeterinaria.csproj", "{23850E8C-B6A7-4B7B-B9F9-7EC5BCAA448E}"
EndProject
Project("{FAE04EC0-301F-11D3-BF4B-00C04F79EFBC}") = "MiLibreria1", "MiLibreria1\MiLibreria1.csproj", "{9CF4B5FD-3384-4D59-981D-350694BE9230}"
EndProject
Global
	GlobalSection(SolutionConfigurationPlatforms) = preSolution
		Debug|Any CPU = Debug|Any CPU
		Release|Any CPU = Release|Any CPU
	EndGlobalSection
	GlobalSection(ProjectConfigurationPlatforms) = postSolution
		{23850E8C-B6A7-4B7B-B9F9-7EC5BCAA448E}.Debug|Any CPU.ActiveCfg = Debug|Any CPU
		{23850E8C-B6A7-4B7B-B9F9-7EC5BCAA448E}.Debug|Any CPU.Build.0 = Debug|Any CPU
		{23850E8C-B6A7-4B7B-B9F9-7EC5BCAA448E}.Release|Any CPU.ActiveCfg = Release|Any CPU
		{23850E8C-B6A7-4B7B-B9F9-7EC5BCAA448E}.Release|Any CPU.Build.0 = Release|Any CPU
		{9CF4B5FD-3384-4D59-981D-350694BE9230}.Debug|Any CPU.ActiveCfg = Debug|Any CPU
		{9CF4B5FD-3384-4D59-981D-350694BE9230}.Debug|Any CPU.Build.0 = Debug|Any CPU
		{9CF4B5FD-3384-4D59-981D-350694BE9230}.Release|Any CPU.ActiveCfg = Release|Any CPU
		{9CF4B5FD-3384-4D59-981D-350694BE9230}.Release|Any CPU.Build.0 = Release|Any CPU
	EndGlobalSection
	GlobalSection(SolutionProperties) = preSolution
		HideSolutionNode = FALSE
	EndGlobalSection
	GlobalSection(ExtensibilityGlobals) = postSolution
		SolutionGuid = {A9ABB6C4-EBB1-4DE2-B1E8-A2BB272A3F64}
	EndGlobalSection
EndGlobal
